
Microsoft Visual Studio Solution File, Format Version 12.00
# Visual Studio Version 17
VisualStudioVersion = 17.0.31903.59
MinimumVisualStudioVersion = 10.0.40219.1
Project("{2150E333-8FDC-42A3-9474-1A3956D46DE8}") = "src", "src", "{4AC4C2CC-05E2-4CDC-BE45-6AD540E3CD7D}"
EndProject
Project("{FAE04EC0-301F-11D3-BF4B-00C04F79EFBC}") = "service-control-exporter", "src\service-control-exporter\service-control-exporter.csproj", "{440B9615-F591-4907-9A00-F2299ED33E9D}"
EndProject
Global
	GlobalSection(SolutionConfigurationPlatforms) = preSolution
		Debug|Any CPU = Debug|Any CPU
		Release|Any CPU = Release|Any CPU
	EndGlobalSection
	GlobalSection(SolutionProperties) = preSolution
		HideSolutionNode = FALSE
	EndGlobalSection
	GlobalSection(ProjectConfigurationPlatforms) = postSolution
		{440B9615-F591-4907-9A00-F2299ED33E9D}.Debug|Any CPU.ActiveCfg = Debug|Any CPU
		{440B9615-F591-4907-9A00-F2299ED33E9D}.Debug|Any CPU.Build.0 = Debug|Any CPU
		{440B9615-F591-4907-9A00-F2299ED33E9D}.Release|Any CPU.ActiveCfg = Release|Any CPU
		{440B9615-F591-4907-9A00-F2299ED33E9D}.Release|Any CPU.Build.0 = Release|Any CPU
	EndGlobalSection
	GlobalSection(NestedProjects) = preSolution
		{440B9615-F591-4907-9A00-F2299ED33E9D} = {4AC4C2CC-05E2-4CDC-BE45-6AD540E3CD7D}
	EndGlobalSection
EndGlobal
